{
  "name": "common-ground-portfolio-sample",
  "version": "0.1.0-rc.1",
  "lockfileVersion": 3,
  "requires": true,
  "packages": {
    "": {
      "name": "common-ground-portfolio-sample",
      "version": "0.1.0-rc.1",
      "license": "MIT",
      "engines": {
        "node": ">=22"
      }
    }
  },
  "license": "MIT"
}
